// !$*UTF8*$!
{
	archiveVersion = 1;
	classes = {
	};
	objectVersion = 50;
	objects = {

/* Begin PBXBuildFile section */
		4B66D59520EB9EAA00CB4FD5 /* AppDelegate.swift in Sources */ = {isa = PBXBuildFile; fileRef = 4B66D59420EB9EAA00CB4FD5 /* AppDelegate.swift */; };
		4B66D59720EB9EAA00CB4FD5 /* ViewController.swift in Sources */ = {isa = PBXBuildFile; fileRef = 4B66D59620EB9EAA00CB4FD5 /* ViewController.swift */; };
		4B66D59C20EB9EAB00CB4FD5 /* Assets.xcassets in Resources */ = {isa = PBXBuildFile; fileRef = 4B66D59B20EB9EAB00CB4FD5 /* Assets.xcassets */; };
		4B66D5AA20EB9EAB00CB4FD5 /* CDTests.swift in Sources */ = {isa = PBXBuildFile; fileRef = 4B66D5A920EB9EAB00CB4FD5 /* CDTests.swift */; };
		4B66D5B520EB9EAB00CB4FD5 /* CDUITests.swift in Sources */ = {isa = PBXBuildFile; fileRef = 4B66D5B420EB9EAB00CB4FD5 /* CDUITests.swift */; };
		4B66D5C320EBA07E00CB4FD5 /* LP.jpg in Resources */ = {isa = PBXBuildFile; fileRef = 4B66D5C220EBA07D00CB4FD5 /* LP.jpg */; };
		4BDC05EC20EBA2A30033E494 /* CD.swift in Sources */ = {isa = PBXBuildFile; fileRef = 4BDC05EB20EBA2A30033E494 /* CD.swift */; };
		4BDC05F020ECF6F80033E494 /* needle.png in Resources */ = {isa = PBXBuildFile; fileRef = 4BDC05EF20ECF6F80033E494 /* needle.png */; };
/* End PBXBuildFile section */

/* Begin PBXContainerItemProxy section */
		4B66D5A620EB9EAB00CB4FD5 /* PBXContainerItemProxy */ = {
			isa = PBXContainerItemProxy;
			containerPortal = 4B66D58920EB9EA900CB4FD5 /* Project object */;
			proxyType = 1;
			remoteGlobalIDString = 4B66D59020EB9EAA00CB4FD5;
			remoteInfo = CD;
		};
		4B66D5B120EB9EAB00CB4FD5 /* PBXContainerItemProxy */ = {
			isa = PBXContainerItemProxy;
			containerPortal = 4B66D58920EB9EA900CB4FD5 /* Project object */;
			proxyType = 1;
			remoteGlobalIDString = 4B66D59020EB9EAA00CB4FD5;
			remoteInfo = CD;
		};
/* End PBXContainerItemProxy section */

/* Begin PBXFileReference section */
		4B66D59120EB9EAA00CB4FD5 /* CD.app */ = {isa = PBXFileReference; explicitFileType = wrapper.application; includeInIndex = 0; path = CD.app; sourceTree = BUILT_PRODUCTS_DIR; };
		4B66D59420EB9EAA00CB4FD5 /* AppDelegate.swift */ = {isa = PBXFileReference; lastKnownFileType = sourcecode.swift; path = AppDelegate.swift; sourceTree = "<group>"; };
		4B66D59620EB9EAA00CB4FD5 /* ViewController.swift */ = {isa = PBXFileReference; lastKnownFileType = sourcecode.swift; path = ViewController.swift; sourceTree = "<group>"; };
		4B66D59B20EB9EAB00CB4FD5 /* Assets.xcassets */ = {isa = PBXFileReference; lastKnownFileType = folder.assetcatalog; path = Assets.xcassets; sourceTree = "<group>"; };
		4B66D5A020EB9EAB00CB4FD5 /* Info.plist */ = {isa = PBXFileReference; lastKnownFileType = text.plist.xml; path = Info.plist; sourceTree = "<group>"; };
		4B66D5A520EB9EAB00CB4FD5 /* CDTests.xctest */ = {isa = PBXFileReference; explicitFileType = wrapper.cfbundle; includeInIndex = 0; path = CDTests.xctest; sourceTree = BUILT_PRODUCTS_DIR; };
		4B66D5A920EB9EAB00CB4FD5 /* CDTests.swift */ = {isa = PBXFileReference; lastKnownFileType = sourcecode.swift; path = CDTests.swift; sourceTree = "<group>"; };
		4B66D5AB20EB9EAB00CB4FD5 /* Info.plist */ = {isa = PBXFileReference; lastKnownFileType = text.plist.xml; path = Info.plist; sourceTree = "<group>"; };
		4B66D5B020EB9EAB00CB4FD5 /* CDUITests.xctest */ = {isa = PBXFileReference; explicitFileType = wrapper.cfbundle; includeInIndex = 0; path = CDUITests.xctest; sourceTree = BUILT_PRODUCTS_DIR; };
		4B66D5B420EB9EAB00CB4FD5 /* CDUITests.swift */ = {isa = PBXFileReference; lastKnownFileType = sourcecode.swift; path = CDUITests.swift; sourceTree = "<group>"; };
		4B66D5B620EB9EAB00CB4FD5 /* Info.plist */ = {isa = PBXFileReference; lastKnownFileType = text.plist.xml; path = Info.plist; sourceTree = "<group>"; };
		4B66D5C220EBA07D00CB4FD5 /* LP.jpg */ = {isa = PBXFileReference; lastKnownFileType = image.jpeg; path = LP.jpg; sourceTree = "<group>"; };
		4BDC05EB20EBA2A30033E494 /* CD.swift */ = {isa = PBXFileReference; lastKnownFileType = sourcecode.swift; path = CD.swift; sourceTree = "<group>"; };
		4BDC05EF20ECF6F80033E494 /* needle.png */ = {isa = PBXFileReference; lastKnownFileType = image.png; path = needle.png; sourceTree = "<group>"; };
/* End PBXFileReference section */

/* Begin PBXFrameworksBuildPhase section */
		4B66D58E20EB9EAA00CB4FD5 /* Frameworks */ = {
			isa = PBXFrameworksBuildPhase;
			buildActionMask = 2147483647;
			files = (
			);
			runOnlyForDeploymentPostprocessing = 0;
		};
		4B66D5A220EB9EAB00CB4FD5 /* Frameworks */ = {
			isa = PBXFrameworksBuildPhase;
			buildActionMask = 2147483647;
			files = (
			);
			runOnlyForDeploymentPostprocessing = 0;
		};
		4B66D5AD20EB9EAB00CB4FD5 /* Frameworks */ = {
			isa = PBXFrameworksBuildPhase;
			buildActionMask = 2147483647;
			files = (
			);
			runOnlyForDeploymentPostprocessing = 0;
		};
/* End PBXFrameworksBuildPhase section */

/* Begin PBXGroup section */
		4B66D58820EB9EA900CB4FD5 = {
			isa = PBXGroup;
			children = (
				4B66D59320EB9EAA00CB4FD5 /* CD */,
				4B66D5A820EB9EAB00CB4FD5 /* CDTests */,
				4B66D5B320EB9EAB00CB4FD5 /* CDUITests */,
				4B66D59220EB9EAA00CB4FD5 /* Products */,
			);
			sourceTree = "<group>";
		};
		4B66D59220EB9EAA00CB4FD5 /* Products */ = {
			isa = PBXGroup;
			children = (
				4B66D59120EB9EAA00CB4FD5 /* CD.app */,
				4B66D5A520EB9EAB00CB4FD5 /* CDTests.xctest */,
				4B66D5B020EB9EAB00CB4FD5 /* CDUITests.xctest */,
			);
			name = Products;
			sourceTree = "<group>";
		};
		4B66D59320EB9EAA00CB4FD5 /* CD */ = {
			isa = PBXGroup;
			children = (
				4BDC05EF20ECF6F80033E494 /* needle.png */,
				4B66D5C220EBA07D00CB4FD5 /* LP.jpg */,
				4B66D59420EB9EAA00CB4FD5 /* AppDelegate.swift */,
				4B66D59620EB9EAA00CB4FD5 /* ViewController.swift */,
				4BDC05EB20EBA2A30033E494 /* CD.swift */,
				4B66D59B20EB9EAB00CB4FD5 /* Assets.xcassets */,
				4B66D5A020EB9EAB00CB4FD5 /* Info.plist */,
			);
			path = CD;
			sourceTree = "<group>";
		};
		4B66D5A820EB9EAB00CB4FD5 /* CDTests */ = {
			isa = PBXGroup;
			children = (
				4B66D5A920EB9EAB00CB4FD5 /* CDTests.swift */,
				4B66D5AB20EB9EAB00CB4FD5 /* Info.plist */,
			);
			path = CDTests;
			sourceTree = "<group>";
		};
		4B66D5B320EB9EAB00CB4FD5 /* CDUITests */ = {
			isa = PBXGroup;
			children = (
				4B66D5B420EB9EAB00CB4FD5 /* CDUITests.swift */,
				4B66D5B620EB9EAB00CB4FD5 /* Info.plist */,
			);
			path = CDUITests;
			sourceTree = "<group>";
		};
/* End PBXGroup section */

/* Begin PBXNativeTarget section */
		4B66D59020EB9EAA00CB4FD5 /* CD */ = {
			isa = PBXNativeTarget;
			buildConfigurationList = 4B66D5B920EB9EAB00CB4FD5 /* Build configuration list for PBXNativeTarget "CD" */;
			buildPhases = (
				4B66D58D20EB9EAA00CB4FD5 /* Sources */,
				4B66D58E20EB9EAA00CB4FD5 /* Frameworks */,
				4B66D58F20EB9EAA00CB4FD5 /* Resources */,
			);
			buildRules = (
			);
			dependencies = (
			);
			name = CD;
			productName = CD;
			productReference = 4B66D59120EB9EAA00CB4FD5 /* CD.app */;
			productType = "com.apple.product-type.application";
		};
		4B66D5A420EB9EAB00CB4FD5 /* CDTests */ = {
			isa = PBXNativeTarget;
			buildConfigurationList = 4B66D5BC20EB9EAB00CB4FD5 /* Build configuration list for PBXNativeTarget "CDTests" */;
			buildPhases = (
				4B66D5A120EB9EAB00CB4FD5 /* Sources */,
				4B66D5A220EB9EAB00CB4FD5 /* Frameworks */,
				4B66D5A320EB9EAB00CB4FD5 /* Resources */,
			);
			buildRules = (
			);
			dependencies = (
				4B66D5A720EB9EAB00CB4FD5 /* PBXTargetDependency */,
			);
			name = CDTests;
			productName = CDTests;
			productReference = 4B66D5A520EB9EAB00CB4FD5 /* CDTests.xctest */;
			productType = "com.apple.product-type.bundle.unit-test";
		};
		4B66D5AF20EB9EAB00CB4FD5 /* CDUITests */ = {
			isa = PBXNativeTarget;
			buildConfigurationList = 4B66D5BF20EB9EAB00CB4FD5 /* Build configuration list for PBXNativeTarget "CDUITests" */;
			buildPhases = (
				4B66D5AC20EB9EAB00CB4FD5 /* Sources */,
				4B66D5AD20EB9EAB00CB4FD5 /* Frameworks */,
				4B66D5AE20EB9EAB00CB4FD5 /* Resources */,
			);
			buildRules = (
			);
			dependencies = (
				4B66D5B220EB9EAB00CB4FD5 /* PBXTargetDependency */,
			);
			name = CDUITests;
			productName = CDUITests;
			productReference = 4B66D5B020EB9EAB00CB4FD5 /* CDUITests.xctest */;
			productType = "com.apple.product-type.bundle.ui-testing";
		};
/* End PBXNativeTarget section */

/* Begin PBXProject section */
		4B66D58920EB9EA900CB4FD5 /* Project object */ = {
			isa = PBXProject;
			attributes = {
				LastSwiftUpdateCheck = 0940;
				LastUpgradeCheck = 0940;
				ORGANIZATIONNAME = prime;
				TargetAttributes = {
					4B66D59020EB9EAA00CB4FD5 = {
						CreatedOnToolsVersion = 9.4.1;
					};
					4B66D5A420EB9EAB00CB4FD5 = {
						CreatedOnToolsVersion = 9.4.1;
						TestTargetID = 4B66D59020EB9EAA00CB4FD5;
					};
					4B66D5AF20EB9EAB00CB4FD5 = {
						CreatedOnToolsVersion = 9.4.1;
						TestTargetID = 4B66D59020EB9EAA00CB4FD5;
					};
				};
			};
			buildConfigurationList = 4B66D58C20EB9EA900CB4FD5 /* Build configuration list for PBXProject "CD" */;
			compatibilityVersion = "Xcode 9.3";
			developmentRegion = en;
			hasScannedForEncodings = 0;
			knownRegions = (
				en,
				Base,
			);
			mainGroup = 4B66D58820EB9EA900CB4FD5;
			productRefGroup = 4B66D59220EB9EAA00CB4FD5 /* Products */;
			projectDirPath = "";
			projectRoot = "";
			targets = (
				4B66D59020EB9EAA00CB4FD5 /* CD */,
				4B66D5A420EB9EAB00CB4FD5 /* CDTests */,
				4B66D5AF20EB9EAB00CB4FD5 /* CDUITests */,
			);
		};
/* End PBXProject section */

/* Begin PBXResourcesBuildPhase section */
		4B66D58F20EB9EAA00CB4FD5 /* Resources */ = {
			isa = PBXResourcesBuildPhase;
			buildActionMask = 2147483647;
			files = (
				4BDC05F020ECF6F80033E494 /* needle.png in Resources */,
				4B66D5C320EBA07E00CB4FD5 /* LP.jpg in Resources */,
				4B66D59C20EB9EAB00CB4FD5 /* Assets.xcassets in Resources */,
			);
			runOnlyForDeploymentPostprocessing = 0;
		};
		4B66D5A320EB9EAB00CB4FD5 /* Resources */ = {
			isa = PBXResourcesBuildPhase;
			buildActionMask = 2147483647;
			files = (
			);
			runOnlyForDeploymentPostprocessing = 0;
		};
		4B66D5AE20EB9EAB00CB4FD5 /* Resources */ = {
			isa = PBXResourcesBuildPhase;
			buildActionMask = 2147483647;
			files = (
			);
			runOnlyForDeploymentPostprocessing = 0;
		};
/* End PBXResourcesBuildPhase section */

/* Begin PBXSourcesBuildPhase section */
		4B66D58D20EB9EAA00CB4FD5 /* Sources */ = {
			isa = PBXSourcesBuildPhase;
			buildActionMask = 2147483647;
			files = (
				4B66D59720EB9EAA00CB4FD5 /* ViewController.swift in Sources */,
				4B66D59520EB9EAA00CB4FD5 /* AppDelegate.swift in Sources */,
				4BDC05EC20EBA2A30033E494 /* CD.swift in Sources */,
			);
			runOnlyForDeploymentPostprocessing = 0;
		};
		4B66D5A120EB9EAB00CB4FD5 /* Sources */ = {
			isa = PBXSourcesBuildPhase;
			buildActionMask = 2147483647;
			files = (
				4B66D5AA20EB9EAB00CB4FD5 /* CDTests.swift in Sources */,
			);
			runOnlyForDeploymentPostprocessing = 0;
		};
		4B66D5AC20EB9EAB00CB4FD5 /* Sources */ = {
			isa = PBXSourcesBuildPhase;
			buildActionMask = 2147483647;
			files = (
				4B66D5B520EB9EAB00CB4FD5 /* CDUITests.swift in Sources */,
			);
			runOnlyForDeploymentPostprocessing = 0;
		};
/* End PBXSourcesBuildPhase section */

/* Begin PBXTargetDependency section */
		4B66D5A720EB9EAB00CB4FD5 /* PBXTargetDependency */ = {
			isa = PBXTargetDependency;
			target = 4B66D59020EB9EAA00CB4FD5 /* CD */;
			targetProxy = 4B66D5A620EB9EAB00CB4FD5 /* PBXContainerItemProxy */;
		};
		4B66D5B220EB9EAB00CB4FD5 /* PBXTargetDependency */ = {
			isa = PBXTargetDependency;
			target = 4B66D59020EB9EAA00CB4FD5 /* CD */;
			targetProxy = 4B66D5B120EB9EAB00CB4FD5 /* PBXContainerItemProxy */;
		};
/* End PBXTargetDependency section */

/* Begin XCBuildConfiguration section */
		4B66D5B720EB9EAB00CB4FD5 /* Debug */ = {
			isa = XCBuildConfiguration;
			buildSettings = {
				ALWAYS_SEARCH_USER_PATHS = NO;
				CLANG_ANALYZER_NONNULL = YES;
				CLANG_ANALYZER_NUMBER_OBJECT_CONVERSION = YES_AGGRESSIVE;
				CLANG_CXX_LANGUAGE_STANDARD = "gnu++14";
				CLANG_CXX_LIBRARY = "libc++";
				CLANG_ENABLE_MODULES = YES;
				CLANG_ENABLE_OBJC_ARC = YES;
				CLANG_ENABLE_OBJC_WEAK = YES;
				CLANG_WARN_BLOCK_CAPTURE_AUTORELEASING = YES;
				CLANG_WARN_BOOL_CONVERSION = YES;
				CLANG_WARN_COMMA = YES;
				CLANG_WARN_CONSTANT_CONVERSION = YES;
				CLANG_WARN_DEPRECATED_OBJC_IMPLEMENTATIONS = YES;
				CLANG_WARN_DIRECT_OBJC_ISA_USAGE = YES_ERROR;
				CLANG_WARN_DOCUMENTATION_COMMENTS = YES;
				CLANG_WARN_EMPTY_BODY = YES;
				CLANG_WARN_ENUM_CONVERSION = YES;
				CLANG_WARN_INFINITE_RECURSION = YES;
				CLANG_WARN_INT_CONVERSION = YES;
				CLANG_WARN_NON_LITERAL_NULL_CONVERSION = YES;
				CLANG_WARN_OBJC_IMPLICIT_RETAIN_SELF = YES;
				CLANG_WARN_OBJC_LITERAL_CONVERSION = YES;
				CLANG_WARN_OBJC_ROOT_CLASS = YES_ERROR;
				CLANG_WARN_RANGE_LOOP_ANALYSIS = YES;
				CLANG_WARN_STRICT_PROTOTYPES = YES;
				CLANG_WARN_SUSPICIOUS_MOVE = YES;
				CLANG_WARN_UNGUARDED_AVAILABILITY = YES_AGGRESSIVE;
				CLANG_WARN_UNREACHABLE_CODE = YES;
				CLANG_WARN__DUPLICATE_METHOD_MATCH = YES;
				CODE_SIGN_IDENTITY = "iPhone Developer";
				COPY_PHASE_STRIP = NO;
				DEBUG_INFORMATION_FORMAT = dwarf;
				ENABLE_STRICT_OBJC_MSGSEND = YES;
				ENABLE_TESTABILITY = YES;
				GCC_C_LANGUAGE_STANDARD = gnu11;
				GCC_DYNAMIC_NO_PIC = NO;
				GCC_NO_COMMON_BLOCKS = YES;
				GCC_OPTIMIZATION_LEVEL = 0;
				GCC_PREPROCESSOR_DEFINITIONS = (
					"DEBUG=1",
					"$(inherited)",
				);
				GCC_WARN_64_TO_32_BIT_CONVERSION = YES;
				GCC_WARN_ABOUT_RETURN_TYPE = YES_ERROR;
				GCC_WARN_UNDECLARED_SELECTOR = YES;
				GCC_WARN_UNINITIALIZED_AUTOS = YES_AGGRESSIVE;
				GCC_WARN_UNUSED_FUNCTION = YES;
				GCC_WARN_UNUSED_VARIABLE = YES;
				IPHONEOS_DEPLOYMENT_TARGET = 11.4;
				MTL_ENABLE_DEBUG_INFO = YES;
				ONLY_ACTIVE_ARCH = YES;
				SDKROOT = iphoneos;
				SWIFT_ACTIVE_COMPILATION_CONDITIONS = DEBUG;
				SWIFT_OPTIMIZATION_LEVEL = "-Onone";
			};
			name = Debug;
		};
		4B66D5B820EB9EAB00CB4FD5 /* Release */ = {
			isa = XCBuildConfiguration;
			buildSettings = {
				ALWAYS_SEARCH_USER_PATHS = NO;
				CLANG_ANALYZER_NONNULL = YES;
				CLANG_ANALYZER_NUMBER_OBJECT_CONVERSION = YES_AGGRESSIVE;
				CLANG_CXX_LANGUAGE_STANDARD = "gnu++14";
				CLANG_CXX_LIBRARY = "libc++";
				CLANG_ENABLE_MODULES = YES;
				CLANG_ENABLE_OBJC_ARC = YES;
				CLANG_ENABLE_OBJC_WEAK = YES;
				CLANG_WARN_BLOCK_CAPTURE_AUTORELEASING = YES;
				CLANG_WARN_BOOL_CONVERSION = YES;
				CLANG_WARN_COMMA = YES;
				CLANG_WARN_CONSTANT_CONVERSION = YES;
				CLANG_WARN_DEPRECATED_OBJC_IMPLEMENTATIONS = YES;
				CLANG_WARN_DIRECT_OBJC_ISA_USAGE = YES_ERROR;
				CLANG_WARN_DOCUMENTATION_COMMENTS = YES;
				CLANG_WARN_EMPTY_BODY = YES;
				CLANG_WARN_ENUM_CONVERSION = YES;
				CLANG_WARN_INFINITE_RECURSION = YES;
				CLANG_WARN_INT_CONVERSION = YES;
				CLANG_WARN_NON_LITERAL_NULL_CONVERSION = YES;
				CLANG_WARN_OBJC_IMPLICIT_RETAIN_SELF = YES;
				CLANG_WARN_OBJC_LITERAL_CONVERSION = YES;
				CLANG_WARN_OBJC_ROOT_CLASS = YES_ERROR;
				CLANG_WARN_RANGE_LOOP_ANALYSIS = YES;
				CLANG_WARN_STRICT_PROTOTYPES = YES;
				CLANG_WARN_SUSPICIOUS_MOVE = YES;
				CLANG_WARN_UNGUARDED_AVAILABILITY = YES_AGGRESSIVE;
				CLANG_WARN_UNREACHABLE_CODE = YES;
				CLANG_WARN__DUPLICATE_METHOD_MATCH = YES;
				CODE_SIGN_IDENTITY = "iPhone Developer";
				COPY_PHASE_STRIP = NO;
				DEBUG_INFORMATION_FORMAT = "dwarf-with-dsym";
				ENABLE_NS_ASSERTIONS = NO;
				ENABLE_STRICT_OBJC_MSGSEND = YES;
				GCC_C_LANGUAGE_STANDARD = gnu11;
				GCC_NO_COMMON_BLOCKS = YES;
				GCC_WARN_64_TO_32_BIT_CONVERSION = YES;
				GCC_WARN_ABOUT_RETURN_TYPE = YES_ERROR;
				GCC_WARN_UNDECLARED_SELECTOR = YES;
				GCC_WARN_UNINITIALIZED_AUTOS = YES_AGGRESSIVE;
				GCC_WARN_UNUSED_FUNCTION = YES;
				GCC_WARN_UNUSED_VARIABLE = YES;
				IPHONEOS_DEPLOYMENT_TARGET = 11.4;
				MTL_ENABLE_DEBUG_INFO = NO;
				SDKROOT = iphoneos;
				SWIFT_COMPILATION_MODE = wholemodule;
				SWIFT_OPTIMIZATION_LEVEL = "-O";
				VALIDATE_PRODUCT = YES;
			};
			name = Release;
		};
		4B66D5BA20EB9EAB00CB4FD5 /* Debug */ = {
			isa = XCBuildConfiguration;
			buildSettings = {
				ASSETCATALOG_COMPILER_APPICON_NAME = AppIcon;
				CODE_SIGN_STYLE = Automatic;
				DEVELOPMENT_TEAM = KJP5VZ2QJA;
				INFOPLIST_FILE = CD/Info.plist;
				LD_RUNPATH_SEARCH_PATHS = (
					"$(inherited)",
					"@executable_path/Frameworks",
				);
				PRODUCT_BUNDLE_IDENTIFIER = prime.CD;
				PRODUCT_NAME = "$(TARGET_NAME)";
				SWIFT_VERSION = 4.0;
				TARGETED_DEVICE_FAMILY = "1,2";
			};
			name = Debug;
		};
		4B66D5BB20EB9EAB00CB4FD5 /* Release */ = {
			isa = XCBuildConfiguration;
			buildSettings = {
				ASSETCATALOG_COMPILER_APPICON_NAME = AppIcon;
				CODE_SIGN_STYLE = Automatic;
				DEVELOPMENT_TEAM = KJP5VZ2QJA;
				INFOPLIST_FILE = CD/Info.plist;
				LD_RUNPATH_SEARCH_PATHS = (
					"$(inherited)",
					"@executable_path/Frameworks",
				);
				PRODUCT_BUNDLE_IDENTIFIER = prime.CD;
				PRODUCT_NAME = "$(TARGET_NAME)";
				SWIFT_VERSION = 4.0;
				TARGETED_DEVICE_FAMILY = "1,2";
			};
			name = Release;
		};
		4B66D5BD20EB9EAB00CB4FD5 /* Debug */ = {
			isa = XCBuildConfiguration;
			buildSettings = {
				ALWAYS_EMBED_SWIFT_STANDARD_LIBRARIES = YES;
				BUNDLE_LOADER = "$(TEST_HOST)";
				CODE_SIGN_STYLE = Automatic;
				DEVELOPMENT_TEAM = KJP5VZ2QJA;
				INFOPLIST_FILE = CDTests/Info.plist;
				LD_RUNPATH_SEARCH_PATHS = (
					"$(inherited)",
					"@executable_path/Frameworks",
					"@loader_path/Frameworks",
				);
				PRODUCT_BUNDLE_IDENTIFIER = prime.CDTests;
				PRODUCT_NAME = "$(TARGET_NAME)";
				SWIFT_VERSION = 4.0;
				TARGETED_DEVICE_FAMILY = "1,2";
				TEST_HOST = "$(BUILT_PRODUCTS_DIR)/CD.app/CD";
			};
			name = Debug;
		};
		4B66D5BE20EB9EAB00CB4FD5 /* Release */ = {
			isa = XCBuildConfiguration;
			buildSettings = {
				ALWAYS_EMBED_SWIFT_STANDARD_LIBRARIES = YES;
				BUNDLE_LOADER = "$(TEST_HOST)";
				CODE_SIGN_STYLE = Automatic;
				DEVELOPMENT_TEAM = KJP5VZ2QJA;
				INFOPLIST_FILE = CDTests/Info.plist;
				LD_RUNPATH_SEARCH_PATHS = (
					"$(inherited)",
					"@executable_path/Frameworks",
					"@loader_path/Frameworks",
				);
				PRODUCT_BUNDLE_IDENTIFIER = prime.CDTests;
				PRODUCT_NAME = "$(TARGET_NAME)";
				SWIFT_VERSION = 4.0;
				TARGETED_DEVICE_FAMILY = "1,2";
				TEST_HOST = "$(BUILT_PRODUCTS_DIR)/CD.app/CD";
			};
			name = Release;
		};
		4B66D5C020EB9EAB00CB4FD5 /* Debug */ = {
			isa = XCBuildConfiguration;
			buildSettings = {
				ALWAYS_EMBED_SWIFT_STANDARD_LIBRARIES = YES;
				CODE_SIGN_STYLE = Automatic;
				DEVELOPMENT_TEAM = KJP5VZ2QJA;
				INFOPLIST_FILE = CDUITests/Info.plist;
				LD_RUNPATH_SEARCH_PATHS = (
					"$(inherited)",
					"@executable_path/Frameworks",
					"@loader_path/Frameworks",
				);
				PRODUCT_BUNDLE_IDENTIFIER = prime.CDUITests;
				PRODUCT_NAME = "$(TARGET_NAME)";
				SWIFT_VERSION = 4.0;
				TARGETED_DEVICE_FAMILY = "1,2";
				TEST_TARGET_NAME = CD;
			};
			name = Debug;
		};
		4B66D5C120EB9EAB00CB4FD5 /* Release */ = {
			isa = XCBuildConfiguration;
			buildSettings = {
				ALWAYS_EMBED_SWIFT_STANDARD_LIBRARIES = YES;
				CODE_SIGN_STYLE = Automatic;
				DEVELOPMENT_TEAM = KJP5VZ2QJA;
				INFOPLIST_FILE = CDUITests/Info.plist;
				LD_RUNPATH_SEARCH_PATHS = (
					"$(inherited)",
					"@executable_path/Frameworks",
					"@loader_path/Frameworks",
				);
				PRODUCT_BUNDLE_IDENTIFIER = prime.CDUITests;
				PRODUCT_NAME = "$(TARGET_NAME)";
				SWIFT_VERSION = 4.0;
				TARGETED_DEVICE_FAMILY = "1,2";
				TEST_TARGET_NAME = CD;
			};
			name = Release;
		};
/* End XCBuildConfiguration section */

/* Begin XCConfigurationList section */
		4B66D58C20EB9EA900CB4FD5 /* Build configuration list for PBXProject "CD" */ = {
			isa = XCConfigurationList;
			buildConfigurations = (
				4B66D5B720EB9EAB00CB4FD5 /* Debug */,
				4B66D5B820EB9EAB00CB4FD5 /* Release */,
			);
			defaultConfigurationIsVisible = 0;
			defaultConfigurationName = Release;
		};
		4B66D5B920EB9EAB00CB4FD5 /* Build configuration list for PBXNativeTarget "CD" */ = {
			isa = XCConfigurationList;
			buildConfigurations = (
				4B66D5BA20EB9EAB00CB4FD5 /* Debug */,
				4B66D5BB20EB9EAB00CB4FD5 /* Release */,
			);
			defaultConfigurationIsVisible = 0;
			defaultConfigurationName = Release;
		};
		4B66D5BC20EB9EAB00CB4FD5 /* Build configuration list for PBXNativeTarget "CDTests" */ = {
			isa = XCConfigurationList;
			buildConfigurations = (
				4B66D5BD20EB9EAB00CB4FD5 /* Debug */,
				4B66D5BE20EB9EAB00CB4FD5 /* Release */,
			);
			defaultConfigurationIsVisible = 0;
			defaultConfigurationName = Release;
		};
		4B66D5BF20EB9EAB00CB4FD5 /* Build configuration list for PBXNativeTarget "CDUITests" */ = {
			isa = XCConfigurationList;
			buildConfigurations = (
				4B66D5C020EB9EAB00CB4FD5 /* Debug */,
				4B66D5C120EB9EAB00CB4FD5 /* Release */,
			);
			defaultConfigurationIsVisible = 0;
			defaultConfigurationName = Release;
		};
/* End XCConfigurationList section */
	};
	rootObject = 4B66D58920EB9EA900CB4FD5 /* Project object */;
}
